{
  "name": "npm-workspaces-mono",
  "version": "1.0.0",
  "lockfileVersion": 2,
  "requires": true,
  "packages": {
    "": {
      "name": "npm-workspaces-mono",
      "version": "1.0.0",
      "license": "ISC",
      "workspaces": [
        "./common/*/*"
      ]
    },
    "common/components/button": {
      "name": "@common/ui-button",
      "version": "1.0.0",
      "license": "ISC"
    },
    "common/services/json-placeholder-posts": {
      "name": "@common/service-json-pl-posts",
      "version": "1.0.0",
      "license": "ISC"
    },
    "node_modules/@common/service-json-pl-posts": {
      "resolved": "common/services/json-placeholder-posts",
      "link": true
    },
    "node_modules/@common/ui-button": {
      "resolved": "common/components/button",
      "link": true
    }
  },
  "dependencies": {
    "@common/service-json-pl-posts": {
      "version": "file:common/services/json-placeholder-posts"
    },
    "@common/ui-button": {
      "version": "file:common/components/button"
    }
  }
}
